schema: '2.0'
stages:
  data_ingestion:
    cmd: python src/data_ingestion.py
    outs:
    - path: data/raw
      hash: md5
      md5: 9ab84a64c44b5bfc2a344749bdee6a7a.dir
      size: 70036578
      nfiles: 1
  data_preprocessing:
    cmd: python src/data_preprocessing.py
    deps:
    - path: data/raw
      hash: md5
      md5: 9ab84a64c44b5bfc2a344749bdee6a7a.dir
      size: 70036578
      nfiles: 1
    - path: src/data_ingestion.py
      hash: md5
      md5: 94cb4e7b54a03d7b816de539a3aa17e1
      size: 3805
    outs:
    - path: data/preprocessed
      hash: md5
      md5: 531df842f12c67663c2bfc5865efe2c5.dir
      size: 71952197
      nfiles: 1
  feature_engineering:
    cmd: python src/feature_engineering.py
    deps:
    - path: data/preprocessed
      hash: md5
      md5: 531df842f12c67663c2bfc5865efe2c5.dir
      size: 71952197
      nfiles: 1
    - path: src/data_preprocessing.py
      hash: md5
      md5: 4b51034b25672bede10dd5aeb7acbd5a
      size: 1902
    outs:
    - path: data/fe
      hash: md5
      md5: 696f1e6bd42d4c85063d664654a68029.dir
      size: 78225387
      nfiles: 1
  model_building_and_evaluation:
    cmd: python src/model_building_and_evaluation.py
    deps:
    - path: data/fe
      hash: md5
      md5: 696f1e6bd42d4c85063d664654a68029.dir
      size: 78225387
      nfiles: 1
    - path: src/feature_engineering.py
      hash: md5
      md5: c210ef453d02ac010049a84476ef239b
      size: 3454
    outs:
    - path: metrics/model_metrics_lr.json
      hash: md5
      md5: 0d183c008725cf8a8118b494a14c8d68
      size: 97
    - path: model/model.pkl
      hash: md5
      md5: a23dec341f28481b565e275b40b366f7
      size: 1148
