schema: '2.0'
stages:
  data_ingestion:
    cmd: python src/data_ingestion.py
    outs:
    - path: data/raw
      hash: md5
      md5: 9ab84a64c44b5bfc2a344749bdee6a7a.dir
      size: 70036578
      nfiles: 1
  data_preprocessing:
    cmd: python src/data_preprocessing.py
    deps:
    - path: data/raw
      hash: md5
      md5: 9ab84a64c44b5bfc2a344749bdee6a7a.dir
      size: 70036578
      nfiles: 1
    - path: src/data_ingestion.py
      hash: md5
      md5: 636b46956f54134861dcd5d1af53d05f
      size: 3709
    outs:
    - path: data/preprocessed
      hash: md5
      md5: e40fa698fce4a1a4183ca88a658c8ba8.dir
      size: 71202196
      nfiles: 1
  feature_engineering:
    cmd: python src/feature_engineering.py
    deps:
    - path: data/preprocessed
      hash: md5
      md5: e40fa698fce4a1a4183ca88a658c8ba8.dir
      size: 71202196
      nfiles: 1
    - path: src/data_preprocessing.py
      hash: md5
      md5: 9c3ed9b7b06275389faf606b83df634d
      size: 1853
    outs:
    - path: data/fe
      hash: md5
      md5: e499a4e3a0c70bcc0fd06cc46bd64363.dir
      size: 77475386
      nfiles: 1
  model_building_and_evaluation:
    cmd: python src/model_building_and_evaluation.py
    deps:
    - path: data/fe
      hash: md5
      md5: e499a4e3a0c70bcc0fd06cc46bd64363.dir
      size: 77475386
      nfiles: 1
    - path: src/feature_engineering.py
      hash: md5
      md5: 4832332dae93d7f5eed747f5f472c2e1
      size: 3367
    outs:
    - path: metrics/model_metrics_lr.json
      hash: md5
      md5: 78fc59b7425a1d61368ecf1af3e31202
      size: 93
    - path: model/model.pkl
      hash: md5
      md5: 0e78b28be91d7595c3e6dd552270ccfd
      size: 1148
